{
    "name": "npm-no-pinned",
    "version": "1.0.0",
    "lockfileVersion": 3,
    "requires": true,
    "packages": {
        "": {
            "name": "npm-no-pinned",
            "version": "1.0.0",
            "license": "Apache 2.0",
            "dependencies": {
                "bcrypt-nodejs": "0.0.3",
                "body-parser": "1.0.0"
            }
        },
        "node_modules/bcrypt-nodejs": {
            "version": "0.0.3",
            "resolved": "https://registry.npmjs.org/bcrypt-nodejs/-/bcrypt-nodejs-0.0.3.tgz",
            "integrity": "sha512-NmTbLm867btBHCBZ222FQXkQKzecB0KG6pTXFa6NeTVZaSnLfCsx7EK2PL3J+kX8xJThUquEBbhimRCKKZX9zA==",
            "deprecated": "bcrypt-nodejs is no longer actively maintained. Please use bcrypt or bcryptjs. See https://github.com/kelektiv/node.bcrypt.js/wiki/bcrypt-vs-brypt.js to learn more about these two options"
        },
        "node_modules/body-parser": {
            "version": "1.0.0",
            "resolved": "https://registry.npmjs.org/body-parser/-/body-parser-1.0.0.tgz",
            "integrity": "sha512-nBv25q4Mmz/ObizPi2xoi5elHpvaQheNWYMfAziwEbjnY6taSY50AAtSt+ZUdFJxU7PI6vTZLsuchQRE4epcuQ==",
            "dependencies": {
                "qs": "~0.6.6",
                "raw-body": "~1.1.2"
            }
        },
        "node_modules/bytes": {
            "version": "1.0.0",
            "resolved": "https://registry.npmjs.org/bytes/-/bytes-1.0.0.tgz",
            "integrity": "sha512-/x68VkHLeTl3/Ll8IvxdwzhrT+IyKc52e/oyHhA2RwqPqswSnjVbSddfPRwAsJtbilMAPSRWwAlpxdYsSWOTKQ=="
        },
        "node_modules/qs": {
            "version": "0.6.6",
            "resolved": "https://registry.npmjs.org/qs/-/qs-0.6.6.tgz",
            "integrity": "sha512-kN+yNdAf29Jgp+AYHUmC7X4QdJPR8czuMWLNLc0aRxkQ7tB3vJQEONKKT9ou/rW7EbqVec11srC9q9BiVbcnHA==",
            "engines": {
                "node": "*"
            }
        },
        "node_modules/raw-body": {
            "version": "1.1.7",
            "resolved": "https://registry.npmjs.org/raw-body/-/raw-body-1.1.7.tgz",
            "integrity": "sha512-WmJJU2e9Y6M5UzTOkHaM7xJGAPQD8PNzx3bAd2+uhZAim6wDk6dAZxPVYLF67XhbR4hmKGh33Lpmh4XWrCH5Mg==",
            "dependencies": {
                "bytes": "1",
                "string_decoder": "0.10"
            },
            "engines": {
                "node": ">= 0.8.0"
            }
        },
        "node_modules/string_decoder": {
            "version": "0.10.31",
            "resolved": "https://registry.npmjs.org/string_decoder/-/string_decoder-0.10.31.tgz",
            "integrity": "sha512-ev2QzSzWPYmy9GuqfIVildA4OdcGLeFZQrq5ys6RtiuF+RQQiZWr8TZNyAcuVXyQRYfEO+MsoB/1BuQVhOJuoQ=="
        }
    }
}
